
Microsoft Visual Studio Solution File, Format Version 12.00
# Visual Studio Version 17
VisualStudioVersion = 17.5.002.0
MinimumVisualStudioVersion = 10.0.40219.1
Project("{9A19103F-16F7-4668-BE54-9A1E7A4F7556}") = "telegramChatBot", "telegramChatBot.csproj", "{EA4DA94C-574A-4B40-8241-B18E134269EA}"
EndProject
Global
	GlobalSection(SolutionConfigurationPlatforms) = preSolution
		Debug|Any CPU = Debug|Any CPU
		Release|Any CPU = Release|Any CPU
	EndGlobalSection
	GlobalSection(ProjectConfigurationPlatforms) = postSolution
		{EA4DA94C-574A-4B40-8241-B18E134269EA}.Debug|Any CPU.ActiveCfg = Debug|Any CPU
		{EA4DA94C-574A-4B40-8241-B18E134269EA}.Debug|Any CPU.Build.0 = Debug|Any CPU
		{EA4DA94C-574A-4B40-8241-B18E134269EA}.Release|Any CPU.ActiveCfg = Release|Any CPU
		{EA4DA94C-574A-4B40-8241-B18E134269EA}.Release|Any CPU.Build.0 = Release|Any CPU
	EndGlobalSection
	GlobalSection(SolutionProperties) = preSolution
		HideSolutionNode = FALSE
	EndGlobalSection
	GlobalSection(ExtensibilityGlobals) = postSolution
		SolutionGuid = {7EA79A04-4334-452F-AEF1-C6A224B9E9B1}
	EndGlobalSection
EndGlobal
